# This file is automatically @generated by Cargo.
# It is not intended for manual editing.
version = 4

[[package]]
name = "sitolo-api"
version = "0.1.0"

[[package]]
name = "sitolo-api-bin"
version = "0.1.0"

[[package]]
name = "sitolo-application"
version = "0.1.0"

[[package]]
name = "sitolo-audit"
version = "0.1.0"

[[package]]
name = "sitolo-auth"
version = "0.1.0"

[[package]]
name = "sitolo-authz"
version = "0.1.0"

[[package]]
name = "sitolo-config"
version = "0.1.0"

[[package]]
name = "sitolo-domain"
version = "0.1.0"

[[package]]
name = "sitolo-events"
version = "0.1.0"

[[package]]
name = "sitolo-integrations"
version = "0.1.0"

[[package]]
name = "sitolo-observability"
version = "0.1.0"

[[package]]
name = "sitolo-persistence"
version = "0.1.0"

[[package]]
name = "sitolo-sync"
version = "0.1.0"

[[package]]
name = "sitolo-tenancy"
version = "0.1.0"

[[package]]
name = "sitolo-testkit"
version = "0.1.0"

[[package]]
name = "sitolo-worker-bin"
version = "0.1.0"
